
Microsoft Visual Studio Solution File, Format Version 12.00
# Visual Studio Version 16
VisualStudioVersion = 16.0.30114.105
MinimumVisualStudioVersion = 10.0.40219.1
Project("{FAE04EC0-301F-11D3-BF4B-00C04F79EFBC}") = "GrpcWebBlazorWasm.Client", "Client\GrpcWebBlazorWasm.Client.csproj", "{4E49459A-7417-4401-841D-6F533BA41068}"
EndProject
Project("{FAE04EC0-301F-11D3-BF4B-00C04F79EFBC}") = "GrpcWebBlazorWasm.Server", "Server\GrpcWebBlazorWasm.Server.csproj", "{99C572E1-9833-49E4-849B-7D0269BF1AC8}"
EndProject
Project("{FAE04EC0-301F-11D3-BF4B-00C04F79EFBC}") = "GrpcWebBlazorWasm.Shared", "Shared\GrpcWebBlazorWasm.Shared.csproj", "{CF3C8578-C45F-41A8-BB23-EC9B81F238E5}"
EndProject
Global
	GlobalSection(SolutionConfigurationPlatforms) = preSolution
		Debug|Any CPU = Debug|Any CPU
		Debug|x64 = Debug|x64
		Debug|x86 = Debug|x86
		Release|Any CPU = Release|Any CPU
		Release|x64 = Release|x64
		Release|x86 = Release|x86
	EndGlobalSection
	GlobalSection(SolutionProperties) = preSolution
		HideSolutionNode = FALSE
	EndGlobalSection
	GlobalSection(ProjectConfigurationPlatforms) = postSolution
		{4E49459A-7417-4401-841D-6F533BA41068}.Debug|Any CPU.ActiveCfg = Debug|Any CPU
		{4E49459A-7417-4401-841D-6F533BA41068}.Debug|Any CPU.Build.0 = Debug|Any CPU
		{4E49459A-7417-4401-841D-6F533BA41068}.Debug|x64.ActiveCfg = Debug|Any CPU
		{4E49459A-7417-4401-841D-6F533BA41068}.Debug|x64.Build.0 = Debug|Any CPU
		{4E49459A-7417-4401-841D-6F533BA41068}.Debug|x86.ActiveCfg = Debug|Any CPU
		{4E49459A-7417-4401-841D-6F533BA41068}.Debug|x86.Build.0 = Debug|Any CPU
		{4E49459A-7417-4401-841D-6F533BA41068}.Release|Any CPU.ActiveCfg = Release|Any CPU
		{4E49459A-7417-4401-841D-6F533BA41068}.Release|Any CPU.Build.0 = Release|Any CPU
		{4E49459A-7417-4401-841D-6F533BA41068}.Release|x64.ActiveCfg = Release|Any CPU
		{4E49459A-7417-4401-841D-6F533BA41068}.Release|x64.Build.0 = Release|Any CPU
		{4E49459A-7417-4401-841D-6F533BA41068}.Release|x86.ActiveCfg = Release|Any CPU
		{4E49459A-7417-4401-841D-6F533BA41068}.Release|x86.Build.0 = Release|Any CPU
		{99C572E1-9833-49E4-849B-7D0269BF1AC8}.Debug|Any CPU.ActiveCfg = Debug|Any CPU
		{99C572E1-9833-49E4-849B-7D0269BF1AC8}.Debug|Any CPU.Build.0 = Debug|Any CPU
		{99C572E1-9833-49E4-849B-7D0269BF1AC8}.Debug|x64.ActiveCfg = Debug|Any CPU
		{99C572E1-9833-49E4-849B-7D0269BF1AC8}.Debug|x64.Build.0 = Debug|Any CPU
		{99C572E1-9833-49E4-849B-7D0269BF1AC8}.Debug|x86.ActiveCfg = Debug|Any CPU
		{99C572E1-9833-49E4-849B-7D0269BF1AC8}.Debug|x86.Build.0 = Debug|Any CPU
		{99C572E1-9833-49E4-849B-7D0269BF1AC8}.Release|Any CPU.ActiveCfg = Release|Any CPU
		{99C572E1-9833-49E4-849B-7D0269BF1AC8}.Release|Any CPU.Build.0 = Release|Any CPU
		{99C572E1-9833-49E4-849B-7D0269BF1AC8}.Release|x64.ActiveCfg = Release|Any CPU
		{99C572E1-9833-49E4-849B-7D0269BF1AC8}.Release|x64.Build.0 = Release|Any CPU
		{99C572E1-9833-49E4-849B-7D0269BF1AC8}.Release|x86.ActiveCfg = Release|Any CPU
		{99C572E1-9833-49E4-849B-7D0269BF1AC8}.Release|x86.Build.0 = Release|Any CPU
		{CF3C8578-C45F-41A8-BB23-EC9B81F238E5}.Debug|Any CPU.ActiveCfg = Debug|Any CPU
		{CF3C8578-C45F-41A8-BB23-EC9B81F238E5}.Debug|Any CPU.Build.0 = Debug|Any CPU
		{CF3C8578-C45F-41A8-BB23-EC9B81F238E5}.Debug|x64.ActiveCfg = Debug|Any CPU
		{CF3C8578-C45F-41A8-BB23-EC9B81F238E5}.Debug|x64.Build.0 = Debug|Any CPU
		{CF3C8578-C45F-41A8-BB23-EC9B81F238E5}.Debug|x86.ActiveCfg = Debug|Any CPU
		{CF3C8578-C45F-41A8-BB23-EC9B81F238E5}.Debug|x86.Build.0 = Debug|Any CPU
		{CF3C8578-C45F-41A8-BB23-EC9B81F238E5}.Release|Any CPU.ActiveCfg = Release|Any CPU
		{CF3C8578-C45F-41A8-BB23-EC9B81F238E5}.Release|Any CPU.Build.0 = Release|Any CPU
		{CF3C8578-C45F-41A8-BB23-EC9B81F238E5}.Release|x64.ActiveCfg = Release|Any CPU
		{CF3C8578-C45F-41A8-BB23-EC9B81F238E5}.Release|x64.Build.0 = Release|Any CPU
		{CF3C8578-C45F-41A8-BB23-EC9B81F238E5}.Release|x86.ActiveCfg = Release|Any CPU
		{CF3C8578-C45F-41A8-BB23-EC9B81F238E5}.Release|x86.Build.0 = Release|Any CPU
		{C7DE5C71-408A-44A6-BAAF-64A5A9ACEFAB}.Debug|Any CPU.ActiveCfg = Debug|Any CPU
		{C7DE5C71-408A-44A6-BAAF-64A5A9ACEFAB}.Debug|Any CPU.Build.0 = Debug|Any CPU
		{C7DE5C71-408A-44A6-BAAF-64A5A9ACEFAB}.Debug|x64.ActiveCfg = Debug|Any CPU
		{C7DE5C71-408A-44A6-BAAF-64A5A9ACEFAB}.Debug|x64.Build.0 = Debug|Any CPU
		{C7DE5C71-408A-44A6-BAAF-64A5A9ACEFAB}.Debug|x86.ActiveCfg = Debug|Any CPU
		{C7DE5C71-408A-44A6-BAAF-64A5A9ACEFAB}.Debug|x86.Build.0 = Debug|Any CPU
		{C7DE5C71-408A-44A6-BAAF-64A5A9ACEFAB}.Release|Any CPU.ActiveCfg = Release|Any CPU
		{C7DE5C71-408A-44A6-BAAF-64A5A9ACEFAB}.Release|Any CPU.Build.0 = Release|Any CPU
		{C7DE5C71-408A-44A6-BAAF-64A5A9ACEFAB}.Release|x64.ActiveCfg = Release|Any CPU
		{C7DE5C71-408A-44A6-BAAF-64A5A9ACEFAB}.Release|x64.Build.0 = Release|Any CPU
		{C7DE5C71-408A-44A6-BAAF-64A5A9ACEFAB}.Release|x86.ActiveCfg = Release|Any CPU
		{C7DE5C71-408A-44A6-BAAF-64A5A9ACEFAB}.Release|x86.Build.0 = Release|Any CPU
	EndGlobalSection
EndGlobal
